
Microsoft Visual Studio Solution File, Format Version 12.00
# Visual Studio Version 17
VisualStudioVersion = 17.10.35013.160
MinimumVisualStudioVersion = 10.0.40219.1
Project("{FAE04EC0-301F-11D3-BF4B-00C04F79EFBC}") = "WApplication", "WApplication\WApplication.csproj", "{3EDFF199-D056-4DFE-A277-4B06CB152624}"
EndProject
Project("{FAE04EC0-301F-11D3-BF4B-00C04F79EFBC}") = "TravelApi", "TravelApi\TravelApi.csproj", "{5E95EECC-7D94-4391-853A-1B44E297C706}"
EndProject
Project("{FAE04EC0-301F-11D3-BF4B-00C04F79EFBC}") = "ServiceShared", "ServiceShared\ServiceShared.csproj", "{BD2ABC36-4527-489A-9F92-2C659E3A4BBC}"
EndProject
Global
	GlobalSection(SolutionConfigurationPlatforms) = preSolution
		Debug|Any CPU = Debug|Any CPU
		Release|Any CPU = Release|Any CPU
	EndGlobalSection
	GlobalSection(ProjectConfigurationPlatforms) = postSolution
		{3EDFF199-D056-4DFE-A277-4B06CB152624}.Debug|Any CPU.ActiveCfg = Debug|Any CPU
		{3EDFF199-D056-4DFE-A277-4B06CB152624}.Debug|Any CPU.Build.0 = Debug|Any CPU
		{3EDFF199-D056-4DFE-A277-4B06CB152624}.Release|Any CPU.ActiveCfg = Release|Any CPU
		{3EDFF199-D056-4DFE-A277-4B06CB152624}.Release|Any CPU.Build.0 = Release|Any CPU
		{5E95EECC-7D94-4391-853A-1B44E297C706}.Debug|Any CPU.ActiveCfg = Debug|Any CPU
		{5E95EECC-7D94-4391-853A-1B44E297C706}.Debug|Any CPU.Build.0 = Debug|Any CPU
		{5E95EECC-7D94-4391-853A-1B44E297C706}.Release|Any CPU.ActiveCfg = Release|Any CPU
		{5E95EECC-7D94-4391-853A-1B44E297C706}.Release|Any CPU.Build.0 = Release|Any CPU
		{BD2ABC36-4527-489A-9F92-2C659E3A4BBC}.Debug|Any CPU.ActiveCfg = Debug|Any CPU
		{BD2ABC36-4527-489A-9F92-2C659E3A4BBC}.Debug|Any CPU.Build.0 = Debug|Any CPU
		{BD2ABC36-4527-489A-9F92-2C659E3A4BBC}.Release|Any CPU.ActiveCfg = Release|Any CPU
		{BD2ABC36-4527-489A-9F92-2C659E3A4BBC}.Release|Any CPU.Build.0 = Release|Any CPU
	EndGlobalSection
	GlobalSection(SolutionProperties) = preSolution
		HideSolutionNode = FALSE
	EndGlobalSection
	GlobalSection(ExtensibilityGlobals) = postSolution
		SolutionGuid = {5093A6D6-87CE-4D3B-8C29-E29A6AF64DD9}
	EndGlobalSection
EndGlobal
